
Microsoft Visual Studio Solution File, Format Version 12.00
# Visual Studio Version 16
VisualStudioVersion = 16.0.29409.12
MinimumVisualStudioVersion = 10.0.40219.1
Project("{FAE04EC0-301F-11D3-BF4B-00C04F79EFBC}") = "VotingPresentation", "VotingPresentation\VotingPresentation.csproj", "{1AC468AF-551F-43E6-A083-B112E0C0C1E7}"
EndProject
Global
	GlobalSection(SolutionConfigurationPlatforms) = preSolution
		Debug|Any CPU = Debug|Any CPU
		Release|Any CPU = Release|Any CPU
	EndGlobalSection
	GlobalSection(ProjectConfigurationPlatforms) = postSolution
		{1AC468AF-551F-43E6-A083-B112E0C0C1E7}.Debug|Any CPU.ActiveCfg = Debug|Any CPU
		{1AC468AF-551F-43E6-A083-B112E0C0C1E7}.Debug|Any CPU.Build.0 = Debug|Any CPU
		{1AC468AF-551F-43E6-A083-B112E0C0C1E7}.Release|Any CPU.ActiveCfg = Release|Any CPU
		{1AC468AF-551F-43E6-A083-B112E0C0C1E7}.Release|Any CPU.Build.0 = Release|Any CPU
	EndGlobalSection
	GlobalSection(SolutionProperties) = preSolution
		HideSolutionNode = FALSE
	EndGlobalSection
	GlobalSection(ExtensibilityGlobals) = postSolution
		SolutionGuid = {AB6BD8C2-FE5A-4F11-A339-D0EB6F84238C}
	EndGlobalSection
EndGlobal
